// !$*UTF8*$!
{
	archiveVersion = 1;
	classes = {
	};
	objectVersion = 77;
	objects = {

/* Begin PBXContainerItemProxy section */
		39415C112ECC65620056A3F8 /* PBXContainerItemProxy */ = {
			isa = PBXContainerItemProxy;
			containerPortal = 39415BF92ECC65610056A3F8 /* Project object */;
			proxyType = 1;
			remoteGlobalIDString = 39415C002ECC65610056A3F8;
			remoteInfo = Mithm;
		};
		39415C1B2ECC65620056A3F8 /* PBXContainerItemProxy */ = {
			isa = PBXContainerItemProxy;
			containerPortal = 39415BF92ECC65610056A3F8 /* Project object */;
			proxyType = 1;
			remoteGlobalIDString = 39415C002ECC65610056A3F8;
			remoteInfo = Mithm;
		};
/* End PBXContainerItemProxy section */

/* Begin PBXFileReference section */
		39415C012ECC65610056A3F8 /* Mithm.app */ = {isa = PBXFileReference; explicitFileType = wrapper.application; includeInIndex = 0; path = Mithm.app; sourceTree = BUILT_PRODUCTS_DIR; };
		39415C102ECC65620056A3F8 /* MithmTests.xctest */ = {isa = PBXFileReference; explicitFileType = wrapper.cfbundle; includeInIndex = 0; path = MithmTests.xctest; sourceTree = BUILT_PRODUCTS_DIR; };
		39415C1A2ECC65620056A3F8 /* MithmUITests.xctest */ = {isa = PBXFileReference; explicitFileType = wrapper.cfbundle; includeInIndex = 0; path = MithmUITests.xctest; sourceTree = BUILT_PRODUCTS_DIR; };
/* End PBXFileReference section */

/* Begin PBXFileSystemSynchronizedBuildFileExceptionSet section */
		39415C492ECCA3BE0056A3F8 /* Exceptions for "Mithm" folder in "Mithm" target */ = {
			isa = PBXFileSystemSynchronizedBuildFileExceptionSet;
			membershipExceptions = (
				Core/CycleRecordHelper/Test/CyclePredictionEngineTests.swift,
				Info.plist,
			);
			target = 39415C002ECC65610056A3F8 /* Mithm */;
		};
		39CF24BB2ECE2CBB002E17FA /* Exceptions for "Mithm" folder in "MithmTests" target */ = {
			isa = PBXFileSystemSynchronizedBuildFileExceptionSet;
			membershipExceptions = (
				Core/CycleRecordHelper/Test/CyclePredictionEngineTests.swift,
			);
			target = 39415C0F2ECC65620056A3F8 /* MithmTests */;
		};
/* End PBXFileSystemSynchronizedBuildFileExceptionSet section */

/* Begin PBXFileSystemSynchronizedRootGroup section */
		39415C032ECC65610056A3F8 /* Mithm */ = {
			isa = PBXFileSystemSynchronizedRootGroup;
			exceptions = (
				39415C492ECCA3BE0056A3F8 /* Exceptions for "Mithm" folder in "Mithm" target */,
				39CF24BB2ECE2CBB002E17FA /* Exceptions for "Mithm" folder in "MithmTests" target */,
			);
			path = Mithm;
			sourceTree = "<group>";
		};
		39415C132ECC65620056A3F8 /* MithmTests */ = {
			isa = PBXFileSystemSynchronizedRootGroup;
			path = MithmTests;
			sourceTree = "<group>";
		};
		39415C1D2ECC65620056A3F8 /* MithmUITests */ = {
			isa = PBXFileSystemSynchronizedRootGroup;
			path = MithmUITests;
			sourceTree = "<group>";
		};
/* End PBXFileSystemSynchronizedRootGroup section */

/* Begin PBXFrameworksBuildPhase section */
		39415BFE2ECC65610056A3F8 /* Frameworks */ = {
			isa = PBXFrameworksBuildPhase;
			buildActionMask = 2147483647;
			files = (
			);
			runOnlyForDeploymentPostprocessing = 0;
		};
		39415C0D2ECC65620056A3F8 /* Frameworks */ = {
			isa = PBXFrameworksBuildPhase;
			buildActionMask = 2147483647;
			files = (
			);
			runOnlyForDeploymentPostprocessing = 0;
		};
		39415C172ECC65620056A3F8 /* Frameworks */ = {
			isa = PBXFrameworksBuildPhase;
			buildActionMask = 2147483647;
			files = (
			);
			runOnlyForDeploymentPostprocessing = 0;
		};
/* End PBXFrameworksBuildPhase section */

/* Begin PBXGroup section */
		39415BF82ECC65610056A3F8 = {
			isa = PBXGroup;
			children = (
				39415C032ECC65610056A3F8 /* Mithm */,
				39415C132ECC65620056A3F8 /* MithmTests */,
				39415C1D2ECC65620056A3F8 /* MithmUITests */,
				39415C022ECC65610056A3F8 /* Products */,
			);
			sourceTree = "<group>";
		};
		39415C022ECC65610056A3F8 /* Products */ = {
			isa = PBXGroup;
			children = (
				39415C012ECC65610056A3F8 /* Mithm.app */,
				39415C102ECC65620056A3F8 /* MithmTests.xctest */,
				39415C1A2ECC65620056A3F8 /* MithmUITests.xctest */,
			);
			name = Products;
			sourceTree = "<group>";
		};
/* End PBXGroup section */

/* Begin PBXNativeTarget section */
		39415C002ECC65610056A3F8 /* Mithm */ = {
			isa = PBXNativeTarget;
			buildConfigurationList = 39415C242ECC65620056A3F8 /* Build configuration list for PBXNativeTarget "Mithm" */;
			buildPhases = (
				39415BFD2ECC65610056A3F8 /* Sources */,
				39415BFE2ECC65610056A3F8 /* Frameworks */,
				39415BFF2ECC65610056A3F8 /* Resources */,
			);
			buildRules = (
			);
			dependencies = (
			);
			fileSystemSynchronizedGroups = (
				39415C032ECC65610056A3F8 /* Mithm */,
			);
			name = Mithm;
			packageProductDependencies = (
			);
			productName = Mithm;
			productReference = 39415C012ECC65610056A3F8 /* Mithm.app */;
			productType = "com.apple.product-type.application";
		};
		39415C0F2ECC65620056A3F8 /* MithmTests */ = {
			isa = PBXNativeTarget;
			buildConfigurationList = 39415C272ECC65620056A3F8 /* Build configuration list for PBXNativeTarget "MithmTests" */;
			buildPhases = (
				39415C0C2ECC65620056A3F8 /* Sources */,
				39415C0D2ECC65620056A3F8 /* Frameworks */,
				39415C0E2ECC65620056A3F8 /* Resources */,
			);
			buildRules = (
			);
			dependencies = (
				39415C122ECC65620056A3F8 /* PBXTargetDependency */,
			);
			fileSystemSynchronizedGroups = (
				39415C132ECC65620056A3F8 /* MithmTests */,
			);
			name = MithmTests;
			packageProductDependencies = (
			);
			productName = MithmTests;
			productReference = 39415C102ECC65620056A3F8 /* MithmTests.xctest */;
			productType = "com.apple.product-type.bundle.unit-test";
		};
		39415C192ECC65620056A3F8 /* MithmUITests */ = {
			isa = PBXNativeTarget;
			buildConfigurationList = 39415C2A2ECC65620056A3F8 /* Build configuration list for PBXNativeTarget "MithmUITests" */;
			buildPhases = (
				39415C162ECC65620056A3F8 /* Sources */,
				39415C172ECC65620056A3F8 /* Frameworks */,
				39415C182ECC65620056A3F8 /* Resources */,
			);
			buildRules = (
			);
			dependencies = (
				39415C1C2ECC65620056A3F8 /* PBXTargetDependency */,
			);
			fileSystemSynchronizedGroups = (
				39415C1D2ECC65620056A3F8 /* MithmUITests */,
			);
			name = MithmUITests;
			packageProductDependencies = (
			);
			productName = MithmUITests;
			productReference = 39415C1A2ECC65620056A3F8 /* MithmUITests.xctest */;
			productType = "com.apple.product-type.bundle.ui-testing";
		};
/* End PBXNativeTarget section */

/* Begin PBXProject section */
		39415BF92ECC65610056A3F8 /* Project object */ = {
			isa = PBXProject;
			attributes = {
				BuildIndependentTargetsInParallel = 1;
				LastSwiftUpdateCheck = 2610;
				LastUpgradeCheck = 2610;
				TargetAttributes = {
					39415C002ECC65610056A3F8 = {
						CreatedOnToolsVersion = 26.1.1;
					};
					39415C0F2ECC65620056A3F8 = {
						CreatedOnToolsVersion = 26.1.1;
						TestTargetID = 39415C002ECC65610056A3F8;
					};
					39415C192ECC65620056A3F8 = {
						CreatedOnToolsVersion = 26.1.1;
						TestTargetID = 39415C002ECC65610056A3F8;
					};
				};
			};
			buildConfigurationList = 39415BFC2ECC65610056A3F8 /* Build configuration list for PBXProject "Mithm" */;
			developmentRegion = en;
			hasScannedForEncodings = 0;
			knownRegions = (
				en,
				Base,
			);
			mainGroup = 39415BF82ECC65610056A3F8;
			minimizedProjectReferenceProxies = 1;
			preferredProjectObjectVersion = 77;
			productRefGroup = 39415C022ECC65610056A3F8 /* Products */;
			projectDirPath = "";
			projectRoot = "";
			targets = (
				39415C002ECC65610056A3F8 /* Mithm */,
				39415C0F2ECC65620056A3F8 /* MithmTests */,
				39415C192ECC65620056A3F8 /* MithmUITests */,
			);
		};
/* End PBXProject section */

/* Begin PBXResourcesBuildPhase section */
		39415BFF2ECC65610056A3F8 /* Resources */ = {
			isa = PBXResourcesBuildPhase;
			buildActionMask = 2147483647;
			files = (
			);
			runOnlyForDeploymentPostprocessing = 0;
		};
		39415C0E2ECC65620056A3F8 /* Resources */ = {
			isa = PBXResourcesBuildPhase;
			buildActionMask = 2147483647;
			files = (
			);
			runOnlyForDeploymentPostprocessing = 0;
		};
		39415C182ECC65620056A3F8 /* Resources */ = {
			isa = PBXResourcesBuildPhase;
			buildActionMask = 2147483647;
			files = (
			);
			runOnlyForDeploymentPostprocessing = 0;
		};
/* End PBXResourcesBuildPhase section */

/* Begin PBXSourcesBuildPhase section */
		39415BFD2ECC65610056A3F8 /* Sources */ = {
			isa = PBXSourcesBuildPhase;
			buildActionMask = 2147483647;
			files = (
			);
			runOnlyForDeploymentPostprocessing = 0;
		};
		39415C0C2ECC65620056A3F8 /* Sources */ = {
			isa = PBXSourcesBuildPhase;
			buildActionMask = 2147483647;
			files = (
			);
			runOnlyForDeploymentPostprocessing = 0;
		};
		39415C162ECC65620056A3F8 /* Sources */ = {
			isa = PBXSourcesBuildPhase;
			buildActionMask = 2147483647;
			files = (
			);
			runOnlyForDeploymentPostprocessing = 0;
		};
/* End PBXSourcesBuildPhase section */

/* Begin PBXTargetDependency section */
		39415C122ECC65620056A3F8 /* PBXTargetDependency */ = {
			isa = PBXTargetDependency;
			target = 39415C002ECC65610056A3F8 /* Mithm */;
			targetProxy = 39415C112ECC65620056A3F8 /* PBXContainerItemProxy */;
		};
		39415C1C2ECC65620056A3F8 /* PBXTargetDependency */ = {
			isa = PBXTargetDependency;
			target = 39415C002ECC65610056A3F8 /* Mithm */;
			targetProxy = 39415C1B2ECC65620056A3F8 /* PBXContainerItemProxy */;
		};
/* End PBXTargetDependency section */

/* Begin XCBuildConfiguration section */
		39415C222ECC65620056A3F8 /* Debug */ = {
			isa = XCBuildConfiguration;
			buildSettings = {
				ALWAYS_SEARCH_USER_PATHS = NO;
				ASSETCATALOG_COMPILER_GENERATE_SWIFT_ASSET_SYMBOL_EXTENSIONS = YES;
				CLANG_ANALYZER_NONNULL = YES;
				CLANG_ANALYZER_NUMBER_OBJECT_CONVERSION = YES_AGGRESSIVE;
				CLANG_CXX_LANGUAGE_STANDARD = "gnu++20";
				CLANG_ENABLE_MODULES = YES;
				CLANG_ENABLE_OBJC_ARC = YES;
				CLANG_ENABLE_OBJC_WEAK = YES;
				CLANG_WARN_BLOCK_CAPTURE_AUTORELEASING = YES;
				CLANG_WARN_BOOL_CONVERSION = YES;
				CLANG_WARN_COMMA = YES;
				CLANG_WARN_CONSTANT_CONVERSION = YES;
				CLANG_WARN_DEPRECATED_OBJC_IMPLEMENTATIONS = YES;
				CLANG_WARN_DIRECT_OBJC_ISA_USAGE = YES_ERROR;
				CLANG_WARN_DOCUMENTATION_COMMENTS = YES;
				CLANG_WARN_EMPTY_BODY = YES;
				CLANG_WARN_ENUM_CONVERSION = YES;
				CLANG_WARN_INFINITE_RECURSION = YES;
				CLANG_WARN_INT_CONVERSION = YES;
				CLANG_WARN_NON_LITERAL_NULL_CONVERSION = YES;
				CLANG_WARN_OBJC_IMPLICIT_RETAIN_SELF = YES;
				CLANG_WARN_OBJC_LITERAL_CONVERSION = YES;
				CLANG_WARN_OBJC_ROOT_CLASS = YES_ERROR;
				CLANG_WARN_QUOTED_INCLUDE_IN_FRAMEWORK_HEADER = YES;
				CLANG_WARN_RANGE_LOOP_ANALYSIS = YES;
				CLANG_WARN_STRICT_PROTOTYPES = YES;
				CLANG_WARN_SUSPICIOUS_MOVE = YES;
				CLANG_WARN_UNGUARDED_AVAILABILITY = YES_AGGRESSIVE;
				CLANG_WARN_UNREACHABLE_CODE = YES;
				CLANG_WARN__DUPLICATE_METHOD_MATCH = YES;
				COPY_PHASE_STRIP = NO;
				DEBUG_INFORMATION_FORMAT = dwarf;
				DEVELOPMENT_TEAM = D23XDL6TZZ;
				ENABLE_STRICT_OBJC_MSGSEND = YES;
				ENABLE_TESTABILITY = YES;
				ENABLE_USER_SCRIPT_SANDBOXING = YES;
				GCC_C_LANGUAGE_STANDARD = gnu17;
				GCC_DYNAMIC_NO_PIC = NO;
				GCC_NO_COMMON_BLOCKS = YES;
				GCC_OPTIMIZATION_LEVEL = 0;
				GCC_PREPROCESSOR_DEFINITIONS = (
					"DEBUG=1",
					"$(inherited)",
				);
				GCC_WARN_64_TO_32_BIT_CONVERSION = YES;
				GCC_WARN_ABOUT_RETURN_TYPE = YES_ERROR;
				GCC_WARN_UNDECLARED_SELECTOR = YES;
				GCC_WARN_UNINITIALIZED_AUTOS = YES_AGGRESSIVE;
				GCC_WARN_UNUSED_FUNCTION = YES;
				GCC_WARN_UNUSED_VARIABLE = YES;
				IPHONEOS_DEPLOYMENT_TARGET = 26.1;
				LOCALIZATION_PREFERS_STRING_CATALOGS = YES;
				MTL_ENABLE_DEBUG_INFO = INCLUDE_SOURCE;
				MTL_FAST_MATH = YES;
				ONLY_ACTIVE_ARCH = YES;
				SDKROOT = iphoneos;
				SWIFT_ACTIVE_COMPILATION_CONDITIONS = "DEBUG $(inherited)";
				SWIFT_OPTIMIZATION_LEVEL = "-Onone";
			};
			name = Debug;
		};
		39415C232ECC65620056A3F8 /* Release */ = {
			isa = XCBuildConfiguration;
			buildSettings = {
				ALWAYS_SEARCH_USER_PATHS = NO;
				ASSETCATALOG_COMPILER_GENERATE_SWIFT_ASSET_SYMBOL_EXTENSIONS = YES;
				CLANG_ANALYZER_NONNULL = YES;
				CLANG_ANALYZER_NUMBER_OBJECT_CONVERSION = YES_AGGRESSIVE;
				CLANG_CXX_LANGUAGE_STANDARD = "gnu++20";
				CLANG_ENABLE_MODULES = YES;
				CLANG_ENABLE_OBJC_ARC = YES;
				CLANG_ENABLE_OBJC_WEAK = YES;
				CLANG_WARN_BLOCK_CAPTURE_AUTORELEASING = YES;
				CLANG_WARN_BOOL_CONVERSION = YES;
				CLANG_WARN_COMMA = YES;
				CLANG_WARN_CONSTANT_CONVERSION = YES;
				CLANG_WARN_DEPRECATED_OBJC_IMPLEMENTATIONS = YES;
				CLANG_WARN_DIRECT_OBJC_ISA_USAGE = YES_ERROR;
				CLANG_WARN_DOCUMENTATION_COMMENTS = YES;
				CLANG_WARN_EMPTY_BODY = YES;
				CLANG_WARN_ENUM_CONVERSION = YES;
				CLANG_WARN_INFINITE_RECURSION = YES;
				CLANG_WARN_INT_CONVERSION = YES;
				CLANG_WARN_NON_LITERAL_NULL_CONVERSION = YES;
				CLANG_WARN_OBJC_IMPLICIT_RETAIN_SELF = YES;
				CLANG_WARN_OBJC_LITERAL_CONVERSION = YES;
				CLANG_WARN_OBJC_ROOT_CLASS = YES_ERROR;
				CLANG_WARN_QUOTED_INCLUDE_IN_FRAMEWORK_HEADER = YES;
				CLANG_WARN_RANGE_LOOP_ANALYSIS = YES;
				CLANG_WARN_STRICT_PROTOTYPES = YES;
				CLANG_WARN_SUSPICIOUS_MOVE = YES;
				CLANG_WARN_UNGUARDED_AVAILABILITY = YES_AGGRESSIVE;
				CLANG_WARN_UNREACHABLE_CODE = YES;
				CLANG_WARN__DUPLICATE_METHOD_MATCH = YES;
				COPY_PHASE_STRIP = NO;
				DEBUG_INFORMATION_FORMAT = "dwarf-with-dsym";
				DEVELOPMENT_TEAM = D23XDL6TZZ;
				ENABLE_NS_ASSERTIONS = NO;
				ENABLE_STRICT_OBJC_MSGSEND = YES;
				ENABLE_USER_SCRIPT_SANDBOXING = YES;
				GCC_C_LANGUAGE_STANDARD = gnu17;
				GCC_NO_COMMON_BLOCKS = YES;
				GCC_WARN_64_TO_32_BIT_CONVERSION = YES;
				GCC_WARN_ABOUT_RETURN_TYPE = YES_ERROR;
				GCC_WARN_UNDECLARED_SELECTOR = YES;
				GCC_WARN_UNINITIALIZED_AUTOS = YES_AGGRESSIVE;
				GCC_WARN_UNUSED_FUNCTION = YES;
				GCC_WARN_UNUSED_VARIABLE = YES;
				IPHONEOS_DEPLOYMENT_TARGET = 26.1;
				LOCALIZATION_PREFERS_STRING_CATALOGS = YES;
				MTL_ENABLE_DEBUG_INFO = NO;
				MTL_FAST_MATH = YES;
				SDKROOT = iphoneos;
				SWIFT_COMPILATION_MODE = wholemodule;
				VALIDATE_PRODUCT = YES;
			};
			name = Release;
		};
		39415C252ECC65620056A3F8 /* Debug */ = {
			isa = XCBuildConfiguration;
			buildSettings = {
				ASSETCATALOG_COMPILER_APPICON_NAME = AppIcon;
				ASSETCATALOG_COMPILER_GLOBAL_ACCENT_COLOR_NAME = AccentColor;
				CODE_SIGN_ENTITLEMENTS = Mithm/Mithm.entitlements;
				CODE_SIGN_STYLE = Automatic;
				CURRENT_PROJECT_VERSION = 1;
				DEVELOPMENT_TEAM = D23XDL6TZZ;
				ENABLE_PREVIEWS = YES;
				GENERATE_INFOPLIST_FILE = YES;
				INFOPLIST_FILE = Mithm/Info.plist;
				INFOPLIST_KEY_CFBundleDisplayName = "미리듬";
				INFOPLIST_KEY_NSCalendarsFullAccessUsageDescription = "이 앱은 월경 주기와 가임기 일정을 캘린더에 표시하여 더 편리하게 일정 관리할 수 있도록 캘린더 접근 권한이 필요합니다.";
				INFOPLIST_KEY_NSHealthShareUsageDescription = "월경 주기 분석과 배란 패턴 추적을 위해 건강 앱의 월경 관련 데이터를 읽어옵니다. 데이터는 주기 예측과 일정 표시 목적에만 사용되며 외부로 전송되지 않습니다.";
				INFOPLIST_KEY_NSHealthUpdateUsageDescription = "사용자가 앱에서 기록한 월경 정보를 건강 앱에도 함께 저장하여 한 곳에서 주기 기록을 관리할 수 있도록 도와줍니다. 사용자가 입력한 실제 기록만 저장되며, 예측 정보는 저장하지 않습니다.";
				INFOPLIST_KEY_UIApplicationSceneManifest_Generation = YES;
				INFOPLIST_KEY_UIApplicationSupportsIndirectInputEvents = YES;
				INFOPLIST_KEY_UILaunchScreen_Generation = YES;
				INFOPLIST_KEY_UISupportedInterfaceOrientations_iPad = "UIInterfaceOrientationPortrait UIInterfaceOrientationPortraitUpsideDown UIInterfaceOrientationLandscapeLeft UIInterfaceOrientationLandscapeRight";
				INFOPLIST_KEY_UISupportedInterfaceOrientations_iPhone = "UIInterfaceOrientationPortrait UIInterfaceOrientationLandscapeLeft UIInterfaceOrientationLandscapeRight";
				LD_RUNPATH_SEARCH_PATHS = (
					"$(inherited)",
					"@executable_path/Frameworks",
				);
				MARKETING_VERSION = 1.0;
				PRODUCT_BUNDLE_IDENTIFIER = com.LemoNagi.Mithm;
				PRODUCT_NAME = "$(TARGET_NAME)";
				STRING_CATALOG_GENERATE_SYMBOLS = YES;
				SWIFT_APPROACHABLE_CONCURRENCY = YES;
				SWIFT_DEFAULT_ACTOR_ISOLATION = MainActor;
				SWIFT_EMIT_LOC_STRINGS = YES;
				SWIFT_UPCOMING_FEATURE_MEMBER_IMPORT_VISIBILITY = YES;
				SWIFT_VERSION = 5.0;
				TARGETED_DEVICE_FAMILY = "1,2";
			};
			name = Debug;
		};
		39415C262ECC65620056A3F8 /* Release */ = {
			isa = XCBuildConfiguration;
			buildSettings = {
				ASSETCATALOG_COMPILER_APPICON_NAME = AppIcon;
				ASSETCATALOG_COMPILER_GLOBAL_ACCENT_COLOR_NAME = AccentColor;
				CODE_SIGN_ENTITLEMENTS = Mithm/Mithm.entitlements;
				CODE_SIGN_STYLE = Automatic;
				CURRENT_PROJECT_VERSION = 1;
				DEVELOPMENT_TEAM = D23XDL6TZZ;
				ENABLE_PREVIEWS = YES;
				GENERATE_INFOPLIST_FILE = YES;
				INFOPLIST_FILE = Mithm/Info.plist;
				INFOPLIST_KEY_CFBundleDisplayName = "미리듬";
				INFOPLIST_KEY_NSCalendarsFullAccessUsageDescription = "이 앱은 월경 주기와 가임기 일정을 캘린더에 표시하여 더 편리하게 일정 관리할 수 있도록 캘린더 접근 권한이 필요합니다.";
				INFOPLIST_KEY_NSHealthShareUsageDescription = "월경 주기 분석과 배란 패턴 추적을 위해 건강 앱의 월경 관련 데이터를 읽어옵니다. 데이터는 주기 예측과 일정 표시 목적에만 사용되며 외부로 전송되지 않습니다.";
				INFOPLIST_KEY_NSHealthUpdateUsageDescription = "사용자가 앱에서 기록한 월경 정보를 건강 앱에도 함께 저장하여 한 곳에서 주기 기록을 관리할 수 있도록 도와줍니다. 사용자가 입력한 실제 기록만 저장되며, 예측 정보는 저장하지 않습니다.";
				INFOPLIST_KEY_UIApplicationSceneManifest_Generation = YES;
				INFOPLIST_KEY_UIApplicationSupportsIndirectInputEvents = YES;
				INFOPLIST_KEY_UILaunchScreen_Generation = YES;
				INFOPLIST_KEY_UISupportedInterfaceOrientations_iPad = "UIInterfaceOrientationPortrait UIInterfaceOrientationPortraitUpsideDown UIInterfaceOrientationLandscapeLeft UIInterfaceOrientationLandscapeRight";
				INFOPLIST_KEY_UISupportedInterfaceOrientations_iPhone = "UIInterfaceOrientationPortrait UIInterfaceOrientationLandscapeLeft UIInterfaceOrientationLandscapeRight";
				LD_RUNPATH_SEARCH_PATHS = (
					"$(inherited)",
					"@executable_path/Frameworks",
				);
				MARKETING_VERSION = 1.0;
				PRODUCT_BUNDLE_IDENTIFIER = com.LemoNagi.Mithm;
				PRODUCT_NAME = "$(TARGET_NAME)";
				STRING_CATALOG_GENERATE_SYMBOLS = YES;
				SWIFT_APPROACHABLE_CONCURRENCY = YES;
				SWIFT_DEFAULT_ACTOR_ISOLATION = MainActor;
				SWIFT_EMIT_LOC_STRINGS = YES;
				SWIFT_UPCOMING_FEATURE_MEMBER_IMPORT_VISIBILITY = YES;
				SWIFT_VERSION = 5.0;
				TARGETED_DEVICE_FAMILY = "1,2";
			};
			name = Release;
		};
		39415C282ECC65620056A3F8 /* Debug */ = {
			isa = XCBuildConfiguration;
			buildSettings = {
				BUNDLE_LOADER = "$(TEST_HOST)";
				CODE_SIGN_STYLE = Automatic;
				CURRENT_PROJECT_VERSION = 1;
				DEVELOPMENT_TEAM = D23XDL6TZZ;
				GENERATE_INFOPLIST_FILE = YES;
				IPHONEOS_DEPLOYMENT_TARGET = 26.1;
				MARKETING_VERSION = 1.0;
				PRODUCT_BUNDLE_IDENTIFIER = com.LemoNagi.MithmTests;
				PRODUCT_NAME = "$(TARGET_NAME)";
				STRING_CATALOG_GENERATE_SYMBOLS = NO;
				SWIFT_APPROACHABLE_CONCURRENCY = YES;
				SWIFT_EMIT_LOC_STRINGS = NO;
				SWIFT_UPCOMING_FEATURE_MEMBER_IMPORT_VISIBILITY = YES;
				SWIFT_VERSION = 5.0;
				TARGETED_DEVICE_FAMILY = "1,2";
				TEST_HOST = "$(BUILT_PRODUCTS_DIR)/Mithm.app/$(BUNDLE_EXECUTABLE_FOLDER_PATH)/Mithm";
			};
			name = Debug;
		};
		39415C292ECC65620056A3F8 /* Release */ = {
			isa = XCBuildConfiguration;
			buildSettings = {
				BUNDLE_LOADER = "$(TEST_HOST)";
				CODE_SIGN_STYLE = Automatic;
				CURRENT_PROJECT_VERSION = 1;
				DEVELOPMENT_TEAM = D23XDL6TZZ;
				GENERATE_INFOPLIST_FILE = YES;
				IPHONEOS_DEPLOYMENT_TARGET = 26.1;
				MARKETING_VERSION = 1.0;
				PRODUCT_BUNDLE_IDENTIFIER = com.LemoNagi.MithmTests;
				PRODUCT_NAME = "$(TARGET_NAME)";
				STRING_CATALOG_GENERATE_SYMBOLS = NO;
				SWIFT_APPROACHABLE_CONCURRENCY = YES;
				SWIFT_EMIT_LOC_STRINGS = NO;
				SWIFT_UPCOMING_FEATURE_MEMBER_IMPORT_VISIBILITY = YES;
				SWIFT_VERSION = 5.0;
				TARGETED_DEVICE_FAMILY = "1,2";
				TEST_HOST = "$(BUILT_PRODUCTS_DIR)/Mithm.app/$(BUNDLE_EXECUTABLE_FOLDER_PATH)/Mithm";
			};
			name = Release;
		};
		39415C2B2ECC65620056A3F8 /* Debug */ = {
			isa = XCBuildConfiguration;
			buildSettings = {
				CODE_SIGN_STYLE = Automatic;
				CURRENT_PROJECT_VERSION = 1;
				DEVELOPMENT_TEAM = D23XDL6TZZ;
				GENERATE_INFOPLIST_FILE = YES;
				MARKETING_VERSION = 1.0;
				PRODUCT_BUNDLE_IDENTIFIER = com.LemoNagi.MithmUITests;
				PRODUCT_NAME = "$(TARGET_NAME)";
				STRING_CATALOG_GENERATE_SYMBOLS = NO;
				SWIFT_APPROACHABLE_CONCURRENCY = YES;
				SWIFT_EMIT_LOC_STRINGS = NO;
				SWIFT_UPCOMING_FEATURE_MEMBER_IMPORT_VISIBILITY = YES;
				SWIFT_VERSION = 5.0;
				TARGETED_DEVICE_FAMILY = "1,2";
				TEST_TARGET_NAME = Mithm;
			};
			name = Debug;
		};
		39415C2C2ECC65620056A3F8 /* Release */ = {
			isa = XCBuildConfiguration;
			buildSettings = {
				CODE_SIGN_STYLE = Automatic;
				CURRENT_PROJECT_VERSION = 1;
				DEVELOPMENT_TEAM = D23XDL6TZZ;
				GENERATE_INFOPLIST_FILE = YES;
				MARKETING_VERSION = 1.0;
				PRODUCT_BUNDLE_IDENTIFIER = com.LemoNagi.MithmUITests;
				PRODUCT_NAME = "$(TARGET_NAME)";
				STRING_CATALOG_GENERATE_SYMBOLS = NO;
				SWIFT_APPROACHABLE_CONCURRENCY = YES;
				SWIFT_EMIT_LOC_STRINGS = NO;
				SWIFT_UPCOMING_FEATURE_MEMBER_IMPORT_VISIBILITY = YES;
				SWIFT_VERSION = 5.0;
				TARGETED_DEVICE_FAMILY = "1,2";
				TEST_TARGET_NAME = Mithm;
			};
			name = Release;
		};
/* End XCBuildConfiguration section */

/* Begin XCConfigurationList section */
		39415BFC2ECC65610056A3F8 /* Build configuration list for PBXProject "Mithm" */ = {
			isa = XCConfigurationList;
			buildConfigurations = (
				39415C222ECC65620056A3F8 /* Debug */,
				39415C232ECC65620056A3F8 /* Release */,
			);
			defaultConfigurationIsVisible = 0;
			defaultConfigurationName = Release;
		};
		39415C242ECC65620056A3F8 /* Build configuration list for PBXNativeTarget "Mithm" */ = {
			isa = XCConfigurationList;
			buildConfigurations = (
				39415C252ECC65620056A3F8 /* Debug */,
				39415C262ECC65620056A3F8 /* Release */,
			);
			defaultConfigurationIsVisible = 0;
			defaultConfigurationName = Release;
		};
		39415C272ECC65620056A3F8 /* Build configuration list for PBXNativeTarget "MithmTests" */ = {
			isa = XCConfigurationList;
			buildConfigurations = (
				39415C282ECC65620056A3F8 /* Debug */,
				39415C292ECC65620056A3F8 /* Release */,
			);
			defaultConfigurationIsVisible = 0;
			defaultConfigurationName = Release;
		};
		39415C2A2ECC65620056A3F8 /* Build configuration list for PBXNativeTarget "MithmUITests" */ = {
			isa = XCConfigurationList;
			buildConfigurations = (
				39415C2B2ECC65620056A3F8 /* Debug */,
				39415C2C2ECC65620056A3F8 /* Release */,
			);
			defaultConfigurationIsVisible = 0;
			defaultConfigurationName = Release;
		};
/* End XCConfigurationList section */
	};
	rootObject = 39415BF92ECC65610056A3F8 /* Project object */;
}
